{
    "_meta": {
        "hash": {
            "sha256": "21ed8a51ec3b42efbd24e6a32b238a29193d3b55f3ba2574268fa7b31e05fa8e"
        },
        "pipfile-spec": 6,
        "requires": {
            "python_full_version": "3.13.2",
            "python_version": "3.13"
        },
        "sources": [
            {
                "name": "pypi",
                "url": "https://pypi.org/simple",
                "verify_ssl": true
            }
        ]
    },
    "default": {
        "pyinotify": {
            "hashes": [
                "sha256:9c998a5d7606ca835065cdabc013ae6c66eb9ea76a00a1e3bc6e0cfe2b4f71f4"
            ],
            "index": "pypi",
            "version": "==0.9.6"
        }
    },
    "develop": {}
}
